
Microsoft Visual Studio Solution File, Format Version 12.00
# Visual Studio Version 17
VisualStudioVersion = 17.0.31903.59
MinimumVisualStudioVersion = 10.0.40219.1
Project("{FAE04EC0-301F-11D3-BF4B-00C04F79EFBC}") = "CatAdaptive.App", "CatAdaptive.App\CatAdaptive.App.csproj", "{10C0ED5A-C9BD-4C88-9F59-F7C395333EA6}"
EndProject
Project("{FAE04EC0-301F-11D3-BF4B-00C04F79EFBC}") = "CatAdaptive.Domain", "CatAdaptive.Domain\CatAdaptive.Domain.csproj", "{59564B9D-9CAD-4303-860D-AD671A2D0B65}"
EndProject
Project("{FAE04EC0-301F-11D3-BF4B-00C04F79EFBC}") = "CatAdaptive.Application", "CatAdaptive.Application\CatAdaptive.Application.csproj", "{7E192DC6-01A6-45FE-A3BC-C468D10B7C6A}"
EndProject
Project("{FAE04EC0-301F-11D3-BF4B-00C04F79EFBC}") = "CatAdaptive.Infrastructure", "CatAdaptive.Infrastructure\CatAdaptive.Infrastructure.csproj", "{CCFA6330-1C20-499E-B175-7FB499A74873}"
EndProject
Project("{FAE04EC0-301F-11D3-BF4B-00C04F79EFBC}") = "CatAdaptive.Domain.Tests", "CatAdaptive.Domain.Tests\CatAdaptive.Domain.Tests.csproj", "{D5EE8AD8-9F15-450A-8980-FD2340D3094C}"
EndProject
Project("{FAE04EC0-301F-11D3-BF4B-00C04F79EFBC}") = "CatAdaptive.Application.Tests", "CatAdaptive.Application.Tests\CatAdaptive.Application.Tests.csproj", "{F16FFAA3-2EA6-496B-ADE8-CD5E53CD0A24}"
EndProject
Project("{FAE04EC0-301F-11D3-BF4B-00C04F79EFBC}") = "CatAdaptive.Infrastructure.Tests", "CatAdaptive.Infrastructure.Tests\CatAdaptive.Infrastructure.Tests.csproj", "{18FE0AC9-54C4-4DBA-AA4E-702E2B2C8F9C}"
EndProject
Project("{FAE04EC0-301F-11D3-BF4B-00C04F79EFBC}") = "CatAdaptive.App.Tests", "CatAdaptive.App.Tests\CatAdaptive.App.Tests.csproj", "{1744C57C-FECE-49B8-A5F4-10DDFB19A91E}"
EndProject
Global
	GlobalSection(SolutionConfigurationPlatforms) = preSolution
		Debug|Any CPU = Debug|Any CPU
		Debug|x64 = Debug|x64
		Debug|x86 = Debug|x86
		Release|Any CPU = Release|Any CPU
		Release|x64 = Release|x64
		Release|x86 = Release|x86
	EndGlobalSection
	GlobalSection(ProjectConfigurationPlatforms) = postSolution
		{10C0ED5A-C9BD-4C88-9F59-F7C395333EA6}.Debug|Any CPU.ActiveCfg = Debug|Any CPU
		{10C0ED5A-C9BD-4C88-9F59-F7C395333EA6}.Debug|Any CPU.Build.0 = Debug|Any CPU
		{10C0ED5A-C9BD-4C88-9F59-F7C395333EA6}.Debug|x64.ActiveCfg = Debug|Any CPU
		{10C0ED5A-C9BD-4C88-9F59-F7C395333EA6}.Debug|x64.Build.0 = Debug|Any CPU
		{10C0ED5A-C9BD-4C88-9F59-F7C395333EA6}.Debug|x86.ActiveCfg = Debug|Any CPU
		{10C0ED5A-C9BD-4C88-9F59-F7C395333EA6}.Debug|x86.Build.0 = Debug|Any CPU
		{10C0ED5A-C9BD-4C88-9F59-F7C395333EA6}.Release|Any CPU.ActiveCfg = Release|Any CPU
		{10C0ED5A-C9BD-4C88-9F59-F7C395333EA6}.Release|Any CPU.Build.0 = Release|Any CPU
		{10C0ED5A-C9BD-4C88-9F59-F7C395333EA6}.Release|x64.ActiveCfg = Release|Any CPU
		{10C0ED5A-C9BD-4C88-9F59-F7C395333EA6}.Release|x64.Build.0 = Release|Any CPU
		{10C0ED5A-C9BD-4C88-9F59-F7C395333EA6}.Release|x86.ActiveCfg = Release|Any CPU
		{10C0ED5A-C9BD-4C88-9F59-F7C395333EA6}.Release|x86.Build.0 = Release|Any CPU
		{59564B9D-9CAD-4303-860D-AD671A2D0B65}.Debug|Any CPU.ActiveCfg = Debug|Any CPU
		{59564B9D-9CAD-4303-860D-AD671A2D0B65}.Debug|Any CPU.Build.0 = Debug|Any CPU
		{59564B9D-9CAD-4303-860D-AD671A2D0B65}.Debug|x64.ActiveCfg = Debug|Any CPU
		{59564B9D-9CAD-4303-860D-AD671A2D0B65}.Debug|x64.Build.0 = Debug|Any CPU
		{59564B9D-9CAD-4303-860D-AD671A2D0B65}.Debug|x86.ActiveCfg = Debug|Any CPU
		{59564B9D-9CAD-4303-860D-AD671A2D0B65}.Debug|x86.Build.0 = Debug|Any CPU
		{59564B9D-9CAD-4303-860D-AD671A2D0B65}.Release|Any CPU.ActiveCfg = Release|Any CPU
		{59564B9D-9CAD-4303-860D-AD671A2D0B65}.Release|Any CPU.Build.0 = Release|Any CPU
		{59564B9D-9CAD-4303-860D-AD671A2D0B65}.Release|x64.ActiveCfg = Release|Any CPU
		{59564B9D-9CAD-4303-860D-AD671A2D0B65}.Release|x64.Build.0 = Release|Any CPU
		{59564B9D-9CAD-4303-860D-AD671A2D0B65}.Release|x86.ActiveCfg = Release|Any CPU
		{59564B9D-9CAD-4303-860D-AD671A2D0B65}.Release|x86.Build.0 = Release|Any CPU
		{7E192DC6-01A6-45FE-A3BC-C468D10B7C6A}.Debug|Any CPU.ActiveCfg = Debug|Any CPU
		{7E192DC6-01A6-45FE-A3BC-C468D10B7C6A}.Debug|Any CPU.Build.0 = Debug|Any CPU
		{7E192DC6-01A6-45FE-A3BC-C468D10B7C6A}.Debug|x64.ActiveCfg = Debug|Any CPU
		{7E192DC6-01A6-45FE-A3BC-C468D10B7C6A}.Debug|x64.Build.0 = Debug|Any CPU
		{7E192DC6-01A6-45FE-A3BC-C468D10B7C6A}.Debug|x86.ActiveCfg = Debug|Any CPU
		{7E192DC6-01A6-45FE-A3BC-C468D10B7C6A}.Debug|x86.Build.0 = Debug|Any CPU
		{7E192DC6-01A6-45FE-A3BC-C468D10B7C6A}.Release|Any CPU.ActiveCfg = Release|Any CPU
		{7E192DC6-01A6-45FE-A3BC-C468D10B7C6A}.Release|Any CPU.Build.0 = Release|Any CPU
		{7E192DC6-01A6-45FE-A3BC-C468D10B7C6A}.Release|x64.ActiveCfg = Release|Any CPU
		{7E192DC6-01A6-45FE-A3BC-C468D10B7C6A}.Release|x64.Build.0 = Release|Any CPU
		{7E192DC6-01A6-45FE-A3BC-C468D10B7C6A}.Release|x86.ActiveCfg = Release|Any CPU
		{7E192DC6-01A6-45FE-A3BC-C468D10B7C6A}.Release|x86.Build.0 = Release|Any CPU
		{CCFA6330-1C20-499E-B175-7FB499A74873}.Debug|Any CPU.ActiveCfg = Debug|Any CPU
		{CCFA6330-1C20-499E-B175-7FB499A74873}.Debug|Any CPU.Build.0 = Debug|Any CPU
		{CCFA6330-1C20-499E-B175-7FB499A74873}.Debug|x64.ActiveCfg = Debug|Any CPU
		{CCFA6330-1C20-499E-B175-7FB499A74873}.Debug|x64.Build.0 = Debug|Any CPU
		{CCFA6330-1C20-499E-B175-7FB499A74873}.Debug|x86.ActiveCfg = Debug|Any CPU
		{CCFA6330-1C20-499E-B175-7FB499A74873}.Debug|x86.Build.0 = Debug|Any CPU
		{CCFA6330-1C20-499E-B175-7FB499A74873}.Release|Any CPU.ActiveCfg = Release|Any CPU
		{CCFA6330-1C20-499E-B175-7FB499A74873}.Release|Any CPU.Build.0 = Release|Any CPU
		{CCFA6330-1C20-499E-B175-7FB499A74873}.Release|x64.ActiveCfg = Release|Any CPU
		{CCFA6330-1C20-499E-B175-7FB499A74873}.Release|x64.Build.0 = Release|Any CPU
		{CCFA6330-1C20-499E-B175-7FB499A74873}.Release|x86.ActiveCfg = Release|Any CPU
		{CCFA6330-1C20-499E-B175-7FB499A74873}.Release|x86.Build.0 = Release|Any CPU
		{D5EE8AD8-9F15-450A-8980-FD2340D3094C}.Debug|Any CPU.ActiveCfg = Debug|Any CPU
		{D5EE8AD8-9F15-450A-8980-FD2340D3094C}.Debug|Any CPU.Build.0 = Debug|Any CPU
		{D5EE8AD8-9F15-450A-8980-FD2340D3094C}.Debug|x64.ActiveCfg = Debug|Any CPU
		{D5EE8AD8-9F15-450A-8980-FD2340D3094C}.Debug|x64.Build.0 = Debug|Any CPU
		{D5EE8AD8-9F15-450A-8980-FD2340D3094C}.Debug|x86.ActiveCfg = Debug|Any CPU
		{D5EE8AD8-9F15-450A-8980-FD2340D3094C}.Debug|x86.Build.0 = Debug|Any CPU
		{D5EE8AD8-9F15-450A-8980-FD2340D3094C}.Release|Any CPU.ActiveCfg = Release|Any CPU
		{D5EE8AD8-9F15-450A-8980-FD2340D3094C}.Release|Any CPU.Build.0 = Release|Any CPU
		{D5EE8AD8-9F15-450A-8980-FD2340D3094C}.Release|x64.ActiveCfg = Release|Any CPU
		{D5EE8AD8-9F15-450A-8980-FD2340D3094C}.Release|x64.Build.0 = Release|Any CPU
		{D5EE8AD8-9F15-450A-8980-FD2340D3094C}.Release|x86.ActiveCfg = Release|Any CPU
		{D5EE8AD8-9F15-450A-8980-FD2340D3094C}.Release|x86.Build.0 = Release|Any CPU
		{F16FFAA3-2EA6-496B-ADE8-CD5E53CD0A24}.Debug|Any CPU.ActiveCfg = Debug|Any CPU
		{F16FFAA3-2EA6-496B-ADE8-CD5E53CD0A24}.Debug|Any CPU.Build.0 = Debug|Any CPU
		{F16FFAA3-2EA6-496B-ADE8-CD5E53CD0A24}.Debug|x64.ActiveCfg = Debug|Any CPU
		{F16FFAA3-2EA6-496B-ADE8-CD5E53CD0A24}.Debug|x64.Build.0 = Debug|Any CPU
		{F16FFAA3-2EA6-496B-ADE8-CD5E53CD0A24}.Debug|x86.ActiveCfg = Debug|Any CPU
		{F16FFAA3-2EA6-496B-ADE8-CD5E53CD0A24}.Debug|x86.Build.0 = Debug|Any CPU
		{F16FFAA3-2EA6-496B-ADE8-CD5E53CD0A24}.Release|Any CPU.ActiveCfg = Release|Any CPU
		{F16FFAA3-2EA6-496B-ADE8-CD5E53CD0A24}.Release|Any CPU.Build.0 = Release|Any CPU
		{F16FFAA3-2EA6-496B-ADE8-CD5E53CD0A24}.Release|x64.ActiveCfg = Release|Any CPU
		{F16FFAA3-2EA6-496B-ADE8-CD5E53CD0A24}.Release|x64.Build.0 = Release|Any CPU
		{F16FFAA3-2EA6-496B-ADE8-CD5E53CD0A24}.Release|x86.ActiveCfg = Release|Any CPU
		{F16FFAA3-2EA6-496B-ADE8-CD5E53CD0A24}.Release|x86.Build.0 = Release|Any CPU
		{18FE0AC9-54C4-4DBA-AA4E-702E2B2C8F9C}.Debug|Any CPU.ActiveCfg = Debug|Any CPU
		{18FE0AC9-54C4-4DBA-AA4E-702E2B2C8F9C}.Debug|Any CPU.Build.0 = Debug|Any CPU
		{18FE0AC9-54C4-4DBA-AA4E-702E2B2C8F9C}.Debug|x64.ActiveCfg = Debug|Any CPU
		{18FE0AC9-54C4-4DBA-AA4E-702E2B2C8F9C}.Debug|x64.Build.0 = Debug|Any CPU
		{18FE0AC9-54C4-4DBA-AA4E-702E2B2C8F9C}.Debug|x86.ActiveCfg = Debug|Any CPU
		{18FE0AC9-54C4-4DBA-AA4E-702E2B2C8F9C}.Debug|x86.Build.0 = Debug|Any CPU
		{18FE0AC9-54C4-4DBA-AA4E-702E2B2C8F9C}.Release|Any CPU.ActiveCfg = Release|Any CPU
		{18FE0AC9-54C4-4DBA-AA4E-702E2B2C8F9C}.Release|Any CPU.Build.0 = Release|Any CPU
		{18FE0AC9-54C4-4DBA-AA4E-702E2B2C8F9C}.Release|x64.ActiveCfg = Release|Any CPU
		{18FE0AC9-54C4-4DBA-AA4E-702E2B2C8F9C}.Release|x64.Build.0 = Release|Any CPU
		{18FE0AC9-54C4-4DBA-AA4E-702E2B2C8F9C}.Release|x86.ActiveCfg = Release|Any CPU
		{18FE0AC9-54C4-4DBA-AA4E-702E2B2C8F9C}.Release|x86.Build.0 = Release|Any CPU
		{1744C57C-FECE-49B8-A5F4-10DDFB19A91E}.Debug|Any CPU.ActiveCfg = Debug|Any CPU
		{1744C57C-FECE-49B8-A5F4-10DDFB19A91E}.Debug|Any CPU.Build.0 = Debug|Any CPU
		{1744C57C-FECE-49B8-A5F4-10DDFB19A91E}.Debug|x64.ActiveCfg = Debug|Any CPU
		{1744C57C-FECE-49B8-A5F4-10DDFB19A91E}.Debug|x64.Build.0 = Debug|Any CPU
		{1744C57C-FECE-49B8-A5F4-10DDFB19A91E}.Debug|x86.ActiveCfg = Debug|Any CPU
		{1744C57C-FECE-49B8-A5F4-10DDFB19A91E}.Debug|x86.Build.0 = Debug|Any CPU
		{1744C57C-FECE-49B8-A5F4-10DDFB19A91E}.Release|Any CPU.ActiveCfg = Release|Any CPU
		{1744C57C-FECE-49B8-A5F4-10DDFB19A91E}.Release|Any CPU.Build.0 = Release|Any CPU
		{1744C57C-FECE-49B8-A5F4-10DDFB19A91E}.Release|x64.ActiveCfg = Release|Any CPU
		{1744C57C-FECE-49B8-A5F4-10DDFB19A91E}.Release|x64.Build.0 = Release|Any CPU
		{1744C57C-FECE-49B8-A5F4-10DDFB19A91E}.Release|x86.ActiveCfg = Release|Any CPU
		{1744C57C-FECE-49B8-A5F4-10DDFB19A91E}.Release|x86.Build.0 = Release|Any CPU
	EndGlobalSection
	GlobalSection(SolutionProperties) = preSolution
		HideSolutionNode = FALSE
	EndGlobalSection
EndGlobal
